# @generated by Move, please check-in and do not edit manually.

[move]
version = 3
manifest_digest = "642E41D1C4C9832EC659CE2632A2E81FBB69E4078F64BE7A920A2D8B780E63C9"
deps_digest = "F8BBB0CCB2491CA29A3DF03D6F92277A4F3574266507ACD77214D37ECA3F3082"
dependencies = [
  { id = "Sui", name = "Sui" },
]

[[move.package]]
id = "MoveStdlib"
source = { git = "https://github.com/MystenLabs/sui.git", rev = "framework/testnet", subdir = "crates/sui-framework/packages/move-stdlib" }

[[move.package]]
id = "Sui"
source = { git = "https://github.com/MystenLabs/sui.git", rev = "framework/testnet", subdir = "crates/sui-framework/packages/sui-framework" }

dependencies = [
  { id = "MoveStdlib", name = "MoveStdlib" },
]

[move.toolchain-version]
compiler-version = "1.41.1"
edition = "2024"
flavor = "sui"

[env]

[env.localnet]
chain-id = "9cf3e2c4"
original-published-id = "0x2bcba589d829ed7e85bb509fb10757f5c9600d96611a724beeb61997beec3c9a"
latest-published-id = "0x2bcba589d829ed7e85bb509fb10757f5c9600d96611a724beeb61997beec3c9a"
published-version = "1"

[env.devnet]
chain-id = "7f81d47e"
original-published-id = "0xb79f15dd2e1824a9de6a781b89b31d2cdc0a8b5601c9dee6fa909806cc60b98e"
latest-published-id = "0xb79f15dd2e1824a9de6a781b89b31d2cdc0a8b5601c9dee6fa909806cc60b98e"
published-version = "1"
